// !$*UTF8*$!
{
	archiveVersion = 1;
	classes = {
	};
	objectVersion = 50;
	objects = {

/* Begin PBXBuildFile section */
		559479FC2591CABF004B162B /* AppDelegate.swift in Sources */ = {isa = PBXBuildFile; fileRef = 559479FB2591CABF004B162B /* AppDelegate.swift */; };
		559479FE2591CABF004B162B /* SceneDelegate.swift in Sources */ = {isa = PBXBuildFile; fileRef = 559479FD2591CABF004B162B /* SceneDelegate.swift */; };
		55947A032591CABF004B162B /* Main.storyboard in Resources */ = {isa = PBXBuildFile; fileRef = 55947A012591CABF004B162B /* Main.storyboard */; };
		55947A052591CAC0004B162B /* Assets.xcassets in Resources */ = {isa = PBXBuildFile; fileRef = 55947A042591CAC0004B162B /* Assets.xcassets */; };
		55947A082591CAC0004B162B /* LaunchScreen.storyboard in Resources */ = {isa = PBXBuildFile; fileRef = 55947A062591CAC0004B162B /* LaunchScreen.storyboard */; };
		55947A122591CED7004B162B /* PersonModel.swift in Sources */ = {isa = PBXBuildFile; fileRef = 55947A112591CED7004B162B /* PersonModel.swift */; };
		55947A162591E910004B162B /* PersonTableViewController.swift in Sources */ = {isa = PBXBuildFile; fileRef = 55947A152591E910004B162B /* PersonTableViewController.swift */; };
		55947A192591E92F004B162B /* PersonDetailTableViewController.swift in Sources */ = {isa = PBXBuildFile; fileRef = 55947A182591E92F004B162B /* PersonDetailTableViewController.swift */; };
		55947A1D25925CC2004B162B /* DetailViewController.swift in Sources */ = {isa = PBXBuildFile; fileRef = 55947A1C25925CC2004B162B /* DetailViewController.swift */; };
/* End PBXBuildFile section */

/* Begin PBXFileReference section */
		559479F82591CABF004B162B /* PersonsList.app */ = {isa = PBXFileReference; explicitFileType = wrapper.application; includeInIndex = 0; path = PersonsList.app; sourceTree = BUILT_PRODUCTS_DIR; };
		559479FB2591CABF004B162B /* AppDelegate.swift */ = {isa = PBXFileReference; lastKnownFileType = sourcecode.swift; path = AppDelegate.swift; sourceTree = "<group>"; };
		559479FD2591CABF004B162B /* SceneDelegate.swift */ = {isa = PBXFileReference; lastKnownFileType = sourcecode.swift; path = SceneDelegate.swift; sourceTree = "<group>"; };
		55947A022591CABF004B162B /* Base */ = {isa = PBXFileReference; lastKnownFileType = file.storyboard; name = Base; path = Base.lproj/Main.storyboard; sourceTree = "<group>"; };
		55947A042591CAC0004B162B /* Assets.xcassets */ = {isa = PBXFileReference; lastKnownFileType = folder.assetcatalog; path = Assets.xcassets; sourceTree = "<group>"; };
		55947A072591CAC0004B162B /* Base */ = {isa = PBXFileReference; lastKnownFileType = file.storyboard; name = Base; path = Base.lproj/LaunchScreen.storyboard; sourceTree = "<group>"; };
		55947A092591CAC0004B162B /* Info.plist */ = {isa = PBXFileReference; lastKnownFileType = text.plist.xml; path = Info.plist; sourceTree = "<group>"; };
		55947A112591CED7004B162B /* PersonModel.swift */ = {isa = PBXFileReference; lastKnownFileType = sourcecode.swift; path = PersonModel.swift; sourceTree = "<group>"; };
		55947A152591E910004B162B /* PersonTableViewController.swift */ = {isa = PBXFileReference; lastKnownFileType = sourcecode.swift; path = PersonTableViewController.swift; sourceTree = "<group>"; };
		55947A182591E92F004B162B /* PersonDetailTableViewController.swift */ = {isa = PBXFileReference; lastKnownFileType = sourcecode.swift; path = PersonDetailTableViewController.swift; sourceTree = "<group>"; };
		55947A1C25925CC2004B162B /* DetailViewController.swift */ = {isa = PBXFileReference; lastKnownFileType = sourcecode.swift; path = DetailViewController.swift; sourceTree = "<group>"; };
/* End PBXFileReference section */

/* Begin PBXFrameworksBuildPhase section */
		559479F52591CABF004B162B /* Frameworks */ = {
			isa = PBXFrameworksBuildPhase;
			buildActionMask = 2147483647;
			files = (
			);
			runOnlyForDeploymentPostprocessing = 0;
		};
/* End PBXFrameworksBuildPhase section */

/* Begin PBXGroup section */
		559479EF2591CABF004B162B = {
			isa = PBXGroup;
			children = (
				559479FA2591CABF004B162B /* PersonsList */,
				559479F92591CABF004B162B /* Products */,
			);
			sourceTree = "<group>";
		};
		559479F92591CABF004B162B /* Products */ = {
			isa = PBXGroup;
			children = (
				559479F82591CABF004B162B /* PersonsList.app */,
			);
			name = Products;
			sourceTree = "<group>";
		};
		559479FA2591CABF004B162B /* PersonsList */ = {
			isa = PBXGroup;
			children = (
				559479FB2591CABF004B162B /* AppDelegate.swift */,
				559479FD2591CABF004B162B /* SceneDelegate.swift */,
				55947A152591E910004B162B /* PersonTableViewController.swift */,
				55947A182591E92F004B162B /* PersonDetailTableViewController.swift */,
				55947A1C25925CC2004B162B /* DetailViewController.swift */,
				55947A012591CABF004B162B /* Main.storyboard */,
				55947A042591CAC0004B162B /* Assets.xcassets */,
				55947A062591CAC0004B162B /* LaunchScreen.storyboard */,
				55947A092591CAC0004B162B /* Info.plist */,
				55947A112591CED7004B162B /* PersonModel.swift */,
			);
			path = PersonsList;
			sourceTree = "<group>";
		};
/* End PBXGroup section */

/* Begin PBXNativeTarget section */
		559479F72591CABF004B162B /* PersonsList */ = {
			isa = PBXNativeTarget;
			buildConfigurationList = 55947A0C2591CAC0004B162B /* Build configuration list for PBXNativeTarget "PersonsList" */;
			buildPhases = (
				559479F42591CABF004B162B /* Sources */,
				559479F52591CABF004B162B /* Frameworks */,
				559479F62591CABF004B162B /* Resources */,
			);
			buildRules = (
			);
			dependencies = (
			);
			name = PersonsList;
			productName = PersonsList;
			productReference = 559479F82591CABF004B162B /* PersonsList.app */;
			productType = "com.apple.product-type.application";
		};
/* End PBXNativeTarget section */

/* Begin PBXProject section */
		559479F02591CABF004B162B /* Project object */ = {
			isa = PBXProject;
			attributes = {
				LastSwiftUpdateCheck = 1210;
				LastUpgradeCheck = 1210;
				TargetAttributes = {
					559479F72591CABF004B162B = {
						CreatedOnToolsVersion = 12.1;
					};
				};
			};
			buildConfigurationList = 559479F32591CABF004B162B /* Build configuration list for PBXProject "PersonsList" */;
			compatibilityVersion = "Xcode 9.3";
			developmentRegion = en;
			hasScannedForEncodings = 0;
			knownRegions = (
				en,
				Base,
			);
			mainGroup = 559479EF2591CABF004B162B;
			productRefGroup = 559479F92591CABF004B162B /* Products */;
			projectDirPath = "";
			projectRoot = "";
			targets = (
				559479F72591CABF004B162B /* PersonsList */,
			);
		};
/* End PBXProject section */

/* Begin PBXResourcesBuildPhase section */
		559479F62591CABF004B162B /* Resources */ = {
			isa = PBXResourcesBuildPhase;
			buildActionMask = 2147483647;
			files = (
				55947A082591CAC0004B162B /* LaunchScreen.storyboard in Resources */,
				55947A052591CAC0004B162B /* Assets.xcassets in Resources */,
				55947A032591CABF004B162B /* Main.storyboard in Resources */,
			);
			runOnlyForDeploymentPostprocessing = 0;
		};
/* End PBXResourcesBuildPhase section */

/* Begin PBXSourcesBuildPhase section */
		559479F42591CABF004B162B /* Sources */ = {
			isa = PBXSourcesBuildPhase;
			buildActionMask = 2147483647;
			files = (
				55947A192591E92F004B162B /* PersonDetailTableViewController.swift in Sources */,
				55947A162591E910004B162B /* PersonTableViewController.swift in Sources */,
				55947A122591CED7004B162B /* PersonModel.swift in Sources */,
				55947A1D25925CC2004B162B /* DetailViewController.swift in Sources */,
				559479FC2591CABF004B162B /* AppDelegate.swift in Sources */,
				559479FE2591CABF004B162B /* SceneDelegate.swift in Sources */,
			);
			runOnlyForDeploymentPostprocessing = 0;
		};
/* End PBXSourcesBuildPhase section */

/* Begin PBXVariantGroup section */
		55947A012591CABF004B162B /* Main.storyboard */ = {
			isa = PBXVariantGroup;
			children = (
				55947A022591CABF004B162B /* Base */,
			);
			name = Main.storyboard;
			sourceTree = "<group>";
		};
		55947A062591CAC0004B162B /* LaunchScreen.storyboard */ = {
			isa = PBXVariantGroup;
			children = (
				55947A072591CAC0004B162B /* Base */,
			);
			name = LaunchScreen.storyboard;
			sourceTree = "<group>";
		};
/* End PBXVariantGroup section */

/* Begin XCBuildConfiguration section */
		55947A0A2591CAC0004B162B /* Debug */ = {
			isa = XCBuildConfiguration;
			buildSettings = {
				ALWAYS_SEARCH_USER_PATHS = NO;
				CLANG_ANALYZER_NONNULL = YES;
				CLANG_ANALYZER_NUMBER_OBJECT_CONVERSION = YES_AGGRESSIVE;
				CLANG_CXX_LANGUAGE_STANDARD = "gnu++14";
				CLANG_CXX_LIBRARY = "libc++";
				CLANG_ENABLE_MODULES = YES;
				CLANG_ENABLE_OBJC_ARC = YES;
				CLANG_ENABLE_OBJC_WEAK = YES;
				CLANG_WARN_BLOCK_CAPTURE_AUTORELEASING = YES;
				CLANG_WARN_BOOL_CONVERSION = YES;
				CLANG_WARN_COMMA = YES;
				CLANG_WARN_CONSTANT_CONVERSION = YES;
				CLANG_WARN_DEPRECATED_OBJC_IMPLEMENTATIONS = YES;
				CLANG_WARN_DIRECT_OBJC_ISA_USAGE = YES_ERROR;
				CLANG_WARN_DOCUMENTATION_COMMENTS = YES;
				CLANG_WARN_EMPTY_BODY = YES;
				CLANG_WARN_ENUM_CONVERSION = YES;
				CLANG_WARN_INFINITE_RECURSION = YES;
				CLANG_WARN_INT_CONVERSION = YES;
				CLANG_WARN_NON_LITERAL_NULL_CONVERSION = YES;
				CLANG_WARN_OBJC_IMPLICIT_RETAIN_SELF = YES;
				CLANG_WARN_OBJC_LITERAL_CONVERSION = YES;
				CLANG_WARN_OBJC_ROOT_CLASS = YES_ERROR;
				CLANG_WARN_QUOTED_INCLUDE_IN_FRAMEWORK_HEADER = YES;
				CLANG_WARN_RANGE_LOOP_ANALYSIS = YES;
				CLANG_WARN_STRICT_PROTOTYPES = YES;
				CLANG_WARN_SUSPICIOUS_MOVE = YES;
				CLANG_WARN_UNGUARDED_AVAILABILITY = YES_AGGRESSIVE;
				CLANG_WARN_UNREACHABLE_CODE = YES;
				CLANG_WARN__DUPLICATE_METHOD_MATCH = YES;
				COPY_PHASE_STRIP = NO;
				DEBUG_INFORMATION_FORMAT = dwarf;
				ENABLE_STRICT_OBJC_MSGSEND = YES;
				ENABLE_TESTABILITY = YES;
				GCC_C_LANGUAGE_STANDARD = gnu11;
				GCC_DYNAMIC_NO_PIC = NO;
				GCC_NO_COMMON_BLOCKS = YES;
				GCC_OPTIMIZATION_LEVEL = 0;
				GCC_PREPROCESSOR_DEFINITIONS = (
					"DEBUG=1",
					"$(inherited)",
				);
				GCC_WARN_64_TO_32_BIT_CONVERSION = YES;
				GCC_WARN_ABOUT_RETURN_TYPE = YES_ERROR;
				GCC_WARN_UNDECLARED_SELECTOR = YES;
				GCC_WARN_UNINITIALIZED_AUTOS = YES_AGGRESSIVE;
				GCC_WARN_UNUSED_FUNCTION = YES;
				GCC_WARN_UNUSED_VARIABLE = YES;
				IPHONEOS_DEPLOYMENT_TARGET = 14.1;
				MTL_ENABLE_DEBUG_INFO = INCLUDE_SOURCE;
				MTL_FAST_MATH = YES;
				ONLY_ACTIVE_ARCH = YES;
				SDKROOT = iphoneos;
				SWIFT_ACTIVE_COMPILATION_CONDITIONS = DEBUG;
				SWIFT_OPTIMIZATION_LEVEL = "-Onone";
			};
			name = Debug;
		};
		55947A0B2591CAC0004B162B /* Release */ = {
			isa = XCBuildConfiguration;
			buildSettings = {
				ALWAYS_SEARCH_USER_PATHS = NO;
				CLANG_ANALYZER_NONNULL = YES;
				CLANG_ANALYZER_NUMBER_OBJECT_CONVERSION = YES_AGGRESSIVE;
				CLANG_CXX_LANGUAGE_STANDARD = "gnu++14";
				CLANG_CXX_LIBRARY = "libc++";
				CLANG_ENABLE_MODULES = YES;
				CLANG_ENABLE_OBJC_ARC = YES;
				CLANG_ENABLE_OBJC_WEAK = YES;
				CLANG_WARN_BLOCK_CAPTURE_AUTORELEASING = YES;
				CLANG_WARN_BOOL_CONVERSION = YES;
				CLANG_WARN_COMMA = YES;
				CLANG_WARN_CONSTANT_CONVERSION = YES;
				CLANG_WARN_DEPRECATED_OBJC_IMPLEMENTATIONS = YES;
				CLANG_WARN_DIRECT_OBJC_ISA_USAGE = YES_ERROR;
				CLANG_WARN_DOCUMENTATION_COMMENTS = YES;
				CLANG_WARN_EMPTY_BODY = YES;
				CLANG_WARN_ENUM_CONVERSION = YES;
				CLANG_WARN_INFINITE_RECURSION = YES;
				CLANG_WARN_INT_CONVERSION = YES;
				CLANG_WARN_NON_LITERAL_NULL_CONVERSION = YES;
				CLANG_WARN_OBJC_IMPLICIT_RETAIN_SELF = YES;
				CLANG_WARN_OBJC_LITERAL_CONVERSION = YES;
				CLANG_WARN_OBJC_ROOT_CLASS = YES_ERROR;
				CLANG_WARN_QUOTED_INCLUDE_IN_FRAMEWORK_HEADER = YES;
				CLANG_WARN_RANGE_LOOP_ANALYSIS = YES;
				CLANG_WARN_STRICT_PROTOTYPES = YES;
				CLANG_WARN_SUSPICIOUS_MOVE = YES;
				CLANG_WARN_UNGUARDED_AVAILABILITY = YES_AGGRESSIVE;
				CLANG_WARN_UNREACHABLE_CODE = YES;
				CLANG_WARN__DUPLICATE_METHOD_MATCH = YES;
				COPY_PHASE_STRIP = NO;
				DEBUG_INFORMATION_FORMAT = "dwarf-with-dsym";
				ENABLE_NS_ASSERTIONS = NO;
				ENABLE_STRICT_OBJC_MSGSEND = YES;
				GCC_C_LANGUAGE_STANDARD = gnu11;
				GCC_NO_COMMON_BLOCKS = YES;
				GCC_WARN_64_TO_32_BIT_CONVERSION = YES;
				GCC_WARN_ABOUT_RETURN_TYPE = YES_ERROR;
				GCC_WARN_UNDECLARED_SELECTOR = YES;
				GCC_WARN_UNINITIALIZED_AUTOS = YES_AGGRESSIVE;
				GCC_WARN_UNUSED_FUNCTION = YES;
				GCC_WARN_UNUSED_VARIABLE = YES;
				IPHONEOS_DEPLOYMENT_TARGET = 14.1;
				MTL_ENABLE_DEBUG_INFO = NO;
				MTL_FAST_MATH = YES;
				SDKROOT = iphoneos;
				SWIFT_COMPILATION_MODE = wholemodule;
				SWIFT_OPTIMIZATION_LEVEL = "-O";
				VALIDATE_PRODUCT = YES;
			};
			name = Release;
		};
		55947A0D2591CAC0004B162B /* Debug */ = {
			isa = XCBuildConfiguration;
			buildSettings = {
				ASSETCATALOG_COMPILER_APPICON_NAME = AppIcon;
				ASSETCATALOG_COMPILER_GLOBAL_ACCENT_COLOR_NAME = AccentColor;
				CODE_SIGN_STYLE = Automatic;
				DEVELOPMENT_TEAM = 897Q38B98W;
				INFOPLIST_FILE = PersonsList/Info.plist;
				LD_RUNPATH_SEARCH_PATHS = (
					"$(inherited)",
					"@executable_path/Frameworks",
				);
				PRODUCT_BUNDLE_IDENTIFIER = kz.andruxa.PersonsList;
				PRODUCT_NAME = "$(TARGET_NAME)";
				SWIFT_VERSION = 5.0;
				TARGETED_DEVICE_FAMILY = 1;
			};
			name = Debug;
		};
		55947A0E2591CAC0004B162B /* Release */ = {
			isa = XCBuildConfiguration;
			buildSettings = {
				ASSETCATALOG_COMPILER_APPICON_NAME = AppIcon;
				ASSETCATALOG_COMPILER_GLOBAL_ACCENT_COLOR_NAME = AccentColor;
				CODE_SIGN_STYLE = Automatic;
				DEVELOPMENT_TEAM = 897Q38B98W;
				INFOPLIST_FILE = PersonsList/Info.plist;
				LD_RUNPATH_SEARCH_PATHS = (
					"$(inherited)",
					"@executable_path/Frameworks",
				);
				PRODUCT_BUNDLE_IDENTIFIER = kz.andruxa.PersonsList;
				PRODUCT_NAME = "$(TARGET_NAME)";
				SWIFT_VERSION = 5.0;
				TARGETED_DEVICE_FAMILY = 1;
			};
			name = Release;
		};
/* End XCBuildConfiguration section */

/* Begin XCConfigurationList section */
		559479F32591CABF004B162B /* Build configuration list for PBXProject "PersonsList" */ = {
			isa = XCConfigurationList;
			buildConfigurations = (
				55947A0A2591CAC0004B162B /* Debug */,
				55947A0B2591CAC0004B162B /* Release */,
			);
			defaultConfigurationIsVisible = 0;
			defaultConfigurationName = Release;
		};
		55947A0C2591CAC0004B162B /* Build configuration list for PBXNativeTarget "PersonsList" */ = {
			isa = XCConfigurationList;
			buildConfigurations = (
				55947A0D2591CAC0004B162B /* Debug */,
				55947A0E2591CAC0004B162B /* Release */,
			);
			defaultConfigurationIsVisible = 0;
			defaultConfigurationName = Release;
		};
/* End XCConfigurationList section */
	};
	rootObject = 559479F02591CABF004B162B /* Project object */;
}
